{
  "name": "project_management",
  "lockfileVersion": 3,
  "requires": true,
  "packages": {
    "": {
      "dependencies": {
        "frappe-gantt": "^0.9.0"
      }
    },
    "node_modules/frappe-gantt": {
      "version": "0.9.0",
      "resolved": "https://registry.npmjs.org/frappe-gantt/-/frappe-gantt-0.9.0.tgz",
      "integrity": "sha512-vnHeypUjikXv/R4rql8oT+OCutkABGPsR8gaJgoTDf+x0bbDyVAgn48oYZM3oZ1QL4xB8N+Gqgdcxls2H73xFg==",
      "license": "MIT"
    }
  }
}
